// !$*UTF8*$!
{
	archiveVersion = 1;
	classes = {
	};
	objectVersion = 46;
	objects = {

/* Begin PBXBuildFile section */
		9EEBE7061CE3BD1700D7B00D /* AppDelegate.swift in Sources */ = {isa = PBXBuildFile; fileRef = 9EEBE7051CE3BD1700D7B00D /* AppDelegate.swift */; };
		9EEBE7081CE3BD1700D7B00D /* ViewController.swift in Sources */ = {isa = PBXBuildFile; fileRef = 9EEBE7071CE3BD1700D7B00D /* ViewController.swift */; };
		9EEBE70B1CE3BD1700D7B00D /* Main.storyboard in Resources */ = {isa = PBXBuildFile; fileRef = 9EEBE7091CE3BD1700D7B00D /* Main.storyboard */; };
		9EEBE70D1CE3BD1700D7B00D /* Assets.xcassets in Resources */ = {isa = PBXBuildFile; fileRef = 9EEBE70C1CE3BD1700D7B00D /* Assets.xcassets */; };
		9EEBE7101CE3BD1700D7B00D /* LaunchScreen.storyboard in Resources */ = {isa = PBXBuildFile; fileRef = 9EEBE70E1CE3BD1700D7B00D /* LaunchScreen.storyboard */; };
/* End PBXBuildFile section */

/* Begin PBXFileReference section */
		9EEBE7021CE3BD1700D7B00D /* War.app */ = {isa = PBXFileReference; explicitFileType = wrapper.application; includeInIndex = 0; path = War.app; sourceTree = BUILT_PRODUCTS_DIR; };
		9EEBE7051CE3BD1700D7B00D /* AppDelegate.swift */ = {isa = PBXFileReference; lastKnownFileType = sourcecode.swift; path = AppDelegate.swift; sourceTree = "<group>"; };
		9EEBE7071CE3BD1700D7B00D /* ViewController.swift */ = {isa = PBXFileReference; lastKnownFileType = sourcecode.swift; path = ViewController.swift; sourceTree = "<group>"; };
		9EEBE70A1CE3BD1700D7B00D /* Base */ = {isa = PBXFileReference; lastKnownFileType = file.storyboard; name = Base; path = Base.lproj/Main.storyboard; sourceTree = "<group>"; };
		9EEBE70C1CE3BD1700D7B00D /* Assets.xcassets */ = {isa = PBXFileReference; lastKnownFileType = folder.assetcatalog; path = Assets.xcassets; sourceTree = "<group>"; };
		9EEBE70F1CE3BD1700D7B00D /* Base */ = {isa = PBXFileReference; lastKnownFileType = file.storyboard; name = Base; path = Base.lproj/LaunchScreen.storyboard; sourceTree = "<group>"; };
		9EEBE7111CE3BD1700D7B00D /* Info.plist */ = {isa = PBXFileReference; lastKnownFileType = text.plist.xml; path = Info.plist; sourceTree = "<group>"; };
/* End PBXFileReference section */

/* Begin PBXFrameworksBuildPhase section */
		9EEBE6FF1CE3BD1700D7B00D /* Frameworks */ = {
			isa = PBXFrameworksBuildPhase;
			buildActionMask = 2147483647;
			files = (
			);
			runOnlyForDeploymentPostprocessing = 0;
		};
/* End PBXFrameworksBuildPhase section */

/* Begin PBXGroup section */
		9EEBE6F91CE3BD1700D7B00D = {
			isa = PBXGroup;
			children = (
				9EEBE7041CE3BD1700D7B00D /* War */,
				9EEBE7031CE3BD1700D7B00D /* Products */,
			);
			sourceTree = "<group>";
		};
		9EEBE7031CE3BD1700D7B00D /* Products */ = {
			isa = PBXGroup;
			children = (
				9EEBE7021CE3BD1700D7B00D /* War.app */,
			);
			name = Products;
			sourceTree = "<group>";
		};
		9EEBE7041CE3BD1700D7B00D /* War */ = {
			isa = PBXGroup;
			children = (
				9EEBE7051CE3BD1700D7B00D /* AppDelegate.swift */,
				9EEBE7071CE3BD1700D7B00D /* ViewController.swift */,
				9EEBE7091CE3BD1700D7B00D /* Main.storyboard */,
				9EEBE70C1CE3BD1700D7B00D /* Assets.xcassets */,
				9EEBE70E1CE3BD1700D7B00D /* LaunchScreen.storyboard */,
				9EEBE7111CE3BD1700D7B00D /* Info.plist */,
			);
			path = War;
			sourceTree = "<group>";
		};
/* End PBXGroup section */

/* Begin PBXNativeTarget section */
		9EEBE7011CE3BD1700D7B00D /* War */ = {
			isa = PBXNativeTarget;
			buildConfigurationList = 9EEBE7141CE3BD1700D7B00D /* Build configuration list for PBXNativeTarget "War" */;
			buildPhases = (
				9EEBE6FE1CE3BD1700D7B00D /* Sources */,
				9EEBE6FF1CE3BD1700D7B00D /* Frameworks */,
				9EEBE7001CE3BD1700D7B00D /* Resources */,
			);
			buildRules = (
			);
			dependencies = (
			);
			name = War;
			productName = War;
			productReference = 9EEBE7021CE3BD1700D7B00D /* War.app */;
			productType = "com.apple.product-type.application";
		};
/* End PBXNativeTarget section */

/* Begin PBXProject section */
		9EEBE6FA1CE3BD1700D7B00D /* Project object */ = {
			isa = PBXProject;
			attributes = {
				LastSwiftUpdateCheck = 0730;
				LastUpgradeCheck = 0730;
				ORGANIZATIONNAME = "Kiran Chinta";
				TargetAttributes = {
					9EEBE7011CE3BD1700D7B00D = {
						CreatedOnToolsVersion = 7.3.1;
					};
				};
			};
			buildConfigurationList = 9EEBE6FD1CE3BD1700D7B00D /* Build configuration list for PBXProject "War" */;
			compatibilityVersion = "Xcode 3.2";
			developmentRegion = English;
			hasScannedForEncodings = 0;
			knownRegions = (
				en,
				Base,
			);
			mainGroup = 9EEBE6F91CE3BD1700D7B00D;
			productRefGroup = 9EEBE7031CE3BD1700D7B00D /* Products */;
			projectDirPath = "";
			projectRoot = "";
			targets = (
				9EEBE7011CE3BD1700D7B00D /* War */,
			);
		};
/* End PBXProject section */

/* Begin PBXResourcesBuildPhase section */
		9EEBE7001CE3BD1700D7B00D /* Resources */ = {
			isa = PBXResourcesBuildPhase;
			buildActionMask = 2147483647;
			files = (
				9EEBE7101CE3BD1700D7B00D /* LaunchScreen.storyboard in Resources */,
				9EEBE70D1CE3BD1700D7B00D /* Assets.xcassets in Resources */,
				9EEBE70B1CE3BD1700D7B00D /* Main.storyboard in Resources */,
			);
			runOnlyForDeploymentPostprocessing = 0;
		};
/* End PBXResourcesBuildPhase section */

/* Begin PBXSourcesBuildPhase section */
		9EEBE6FE1CE3BD1700D7B00D /* Sources */ = {
			isa = PBXSourcesBuildPhase;
			buildActionMask = 2147483647;
			files = (
				9EEBE7081CE3BD1700D7B00D /* ViewController.swift in Sources */,
				9EEBE7061CE3BD1700D7B00D /* AppDelegate.swift in Sources */,
			);
			runOnlyForDeploymentPostprocessing = 0;
		};
/* End PBXSourcesBuildPhase section */

/* Begin PBXVariantGroup section */
		9EEBE7091CE3BD1700D7B00D /* Main.storyboard */ = {
			isa = PBXVariantGroup;
			children = (
				9EEBE70A1CE3BD1700D7B00D /* Base */,
			);
			name = Main.storyboard;
			sourceTree = "<group>";
		};
		9EEBE70E1CE3BD1700D7B00D /* LaunchScreen.storyboard */ = {
			isa = PBXVariantGroup;
			children = (
				9EEBE70F1CE3BD1700D7B00D /* Base */,
			);
			name = LaunchScreen.storyboard;
			sourceTree = "<group>";
		};
/* End PBXVariantGroup section */

/* Begin XCBuildConfiguration section */
		9EEBE7121CE3BD1700D7B00D /* Debug */ = {
			isa = XCBuildConfiguration;
			buildSettings = {
				ALWAYS_SEARCH_USER_PATHS = NO;
				CLANG_ANALYZER_NONNULL = YES;
				CLANG_CXX_LANGUAGE_STANDARD = "gnu++0x";
				CLANG_CXX_LIBRARY = "libc++";
				CLANG_ENABLE_MODULES = YES;
				CLANG_ENABLE_OBJC_ARC = YES;
				CLANG_WARN_BOOL_CONVERSION = YES;
				CLANG_WARN_CONSTANT_CONVERSION = YES;
				CLANG_WARN_DIRECT_OBJC_ISA_USAGE = YES_ERROR;
				CLANG_WARN_EMPTY_BODY = YES;
				CLANG_WARN_ENUM_CONVERSION = YES;
				CLANG_WARN_INT_CONVERSION = YES;
				CLANG_WARN_OBJC_ROOT_CLASS = YES_ERROR;
				CLANG_WARN_UNREACHABLE_CODE = YES;
				CLANG_WARN__DUPLICATE_METHOD_MATCH = YES;
				"CODE_SIGN_IDENTITY[sdk=iphoneos*]" = "iPhone Developer";
				COPY_PHASE_STRIP = NO;
				DEBUG_INFORMATION_FORMAT = dwarf;
				ENABLE_STRICT_OBJC_MSGSEND = YES;
				ENABLE_TESTABILITY = YES;
				GCC_C_LANGUAGE_STANDARD = gnu99;
				GCC_DYNAMIC_NO_PIC = NO;
				GCC_NO_COMMON_BLOCKS = YES;
				GCC_OPTIMIZATION_LEVEL = 0;
				GCC_PREPROCESSOR_DEFINITIONS = (
					"DEBUG=1",
					"$(inherited)",
				);
				GCC_WARN_64_TO_32_BIT_CONVERSION = YES;
				GCC_WARN_ABOUT_RETURN_TYPE = YES_ERROR;
				GCC_WARN_UNDECLARED_SELECTOR = YES;
				GCC_WARN_UNINITIALIZED_AUTOS = YES_AGGRESSIVE;
				GCC_WARN_UNUSED_FUNCTION = YES;
				GCC_WARN_UNUSED_VARIABLE = YES;
				IPHONEOS_DEPLOYMENT_TARGET = 9.3;
				MTL_ENABLE_DEBUG_INFO = YES;
				ONLY_ACTIVE_ARCH = YES;
				SDKROOT = iphoneos;
				SWIFT_OPTIMIZATION_LEVEL = "-Onone";
			};
			name = Debug;
		};
		9EEBE7131CE3BD1700D7B00D /* Release */ = {
			isa = XCBuildConfiguration;
			buildSettings = {
				ALWAYS_SEARCH_USER_PATHS = NO;
				CLANG_ANALYZER_NONNULL = YES;
				CLANG_CXX_LANGUAGE_STANDARD = "gnu++0x";
				CLANG_CXX_LIBRARY = "libc++";
				CLANG_ENABLE_MODULES = YES;
				CLANG_ENABLE_OBJC_ARC = YES;
				CLANG_WARN_BOOL_CONVERSION = YES;
				CLANG_WARN_CONSTANT_CONVERSION = YES;
				CLANG_WARN_DIRECT_OBJC_ISA_USAGE = YES_ERROR;
				CLANG_WARN_EMPTY_BODY = YES;
				CLANG_WARN_ENUM_CONVERSION = YES;
				CLANG_WARN_INT_CONVERSION = YES;
				CLANG_WARN_OBJC_ROOT_CLASS = YES_ERROR;
				CLANG_WARN_UNREACHABLE_CODE = YES;
				CLANG_WARN__DUPLICATE_METHOD_MATCH = YES;
				"CODE_SIGN_IDENTITY[sdk=iphoneos*]" = "iPhone Developer";
				COPY_PHASE_STRIP = NO;
				DEBUG_INFORMATION_FORMAT = "dwarf-with-dsym";
				ENABLE_NS_ASSERTIONS = NO;
				ENABLE_STRICT_OBJC_MSGSEND = YES;
				GCC_C_LANGUAGE_STANDARD = gnu99;
				GCC_NO_COMMON_BLOCKS = YES;
				GCC_WARN_64_TO_32_BIT_CONVERSION = YES;
				GCC_WARN_ABOUT_RETURN_TYPE = YES_ERROR;
				GCC_WARN_UNDECLARED_SELECTOR = YES;
				GCC_WARN_UNINITIALIZED_AUTOS = YES_AGGRESSIVE;
				GCC_WARN_UNUSED_FUNCTION = YES;
				GCC_WARN_UNUSED_VARIABLE = YES;
				IPHONEOS_DEPLOYMENT_TARGET = 9.3;
				MTL_ENABLE_DEBUG_INFO = NO;
				SDKROOT = iphoneos;
				VALIDATE_PRODUCT = YES;
			};
			name = Release;
		};
		9EEBE7151CE3BD1700D7B00D /* Debug */ = {
			isa = XCBuildConfiguration;
			buildSettings = {
				ASSETCATALOG_COMPILER_APPICON_NAME = AppIcon;
				INFOPLIST_FILE = War/Info.plist;
				LD_RUNPATH_SEARCH_PATHS = "$(inherited) @executable_path/Frameworks";
				PRODUCT_BUNDLE_IDENTIFIER = com.codewithkiran.War;
				PRODUCT_NAME = "$(TARGET_NAME)";
			};
			name = Debug;
		};
		9EEBE7161CE3BD1700D7B00D /* Release */ = {
			isa = XCBuildConfiguration;
			buildSettings = {
				ASSETCATALOG_COMPILER_APPICON_NAME = AppIcon;
				INFOPLIST_FILE = War/Info.plist;
				LD_RUNPATH_SEARCH_PATHS = "$(inherited) @executable_path/Frameworks";
				PRODUCT_BUNDLE_IDENTIFIER = com.codewithkiran.War;
				PRODUCT_NAME = "$(TARGET_NAME)";
			};
			name = Release;
		};
/* End XCBuildConfiguration section */

/* Begin XCConfigurationList section */
		9EEBE6FD1CE3BD1700D7B00D /* Build configuration list for PBXProject "War" */ = {
			isa = XCConfigurationList;
			buildConfigurations = (
				9EEBE7121CE3BD1700D7B00D /* Debug */,
				9EEBE7131CE3BD1700D7B00D /* Release */,
			);
			defaultConfigurationIsVisible = 0;
			defaultConfigurationName = Release;
		};
		9EEBE7141CE3BD1700D7B00D /* Build configuration list for PBXNativeTarget "War" */ = {
			isa = XCConfigurationList;
			buildConfigurations = (
				9EEBE7151CE3BD1700D7B00D /* Debug */,
				9EEBE7161CE3BD1700D7B00D /* Release */,
			);
			defaultConfigurationIsVisible = 0;
		};
/* End XCConfigurationList section */
	};
	rootObject = 9EEBE6FA1CE3BD1700D7B00D /* Project object */;
}
